{
  "object": {
    "pins": [
      {
        "package": "Aiolos",
        "repositoryURL": "https://github.com/IdeasOnCanvas/Aiolos.git",
        "state": {
          "branch": "main",
          "revision": "5405495ef59c719c28a72e92fa7e75129fc58981",
          "version": null
        }
      },
      {
        "package": "ComScore",
        "repositoryURL": "https://github.com/SRGSSR/ComScore-xcframework-apple.git",
        "state": {
          "branch": null,
          "revision": "b5dc5dc60435f363a744e17975957361c844aa38",
          "version": "6.6.0"
        }
      },
      {
        "package": "FetchImage",
        "repositoryURL": "https://github.com/kean/FetchImage.git",
        "state": {
          "branch": null,
          "revision": "b9ea4f9f97a4bc9fde452cea277d25d0a4f8f6df",
          "version": "0.2.1"
        }
      },
      {
        "package": "FXReachability",
        "repositoryURL": "https://github.com/SRGSSR/FXReachability.git",
        "state": {
          "branch": "master",
          "revision": "1eac916df0045630e779fa60eef22ed0d185e15f",
          "version": null
        }
      },
      {
        "package": "Airship",
        "repositoryURL": "https://github.com/urbanairship/ios-library.git",
        "state": {
          "branch": null,
          "revision": "b58aea09e2962e9e5b4c678e82462c6eaf07316c",
          "version": "14.1.2"
        }
      },
      {
        "package": "libextobjc",
        "repositoryURL": "https://github.com/SRGSSR/libextobjc.git",
        "state": {
          "branch": "master",
          "revision": "30ee5b73bdf57a826978aa146881277f22369be1",
          "version": null
        }
      },
      {
        "package": "MAKVONotificationCenter",
        "repositoryURL": "https://github.com/SRGSSR/MAKVONotificationCenter.git",
        "state": {
          "branch": "master",
          "revision": "60395e0601ffd4a784856b423d4cac558366276d",
          "version": null
        }
      },
      {
        "package": "Mantle",
        "repositoryURL": "https://github.com/Mantle/Mantle.git",
        "state": {
          "branch": "master",
          "revision": "d123b3aa351b6b98155ab489deaacc56e1a84b4b",
          "version": null
        }
      },
      {
        "package": "Nuke",
        "repositoryURL": "https://github.com/kean/Nuke.git",
        "state": {
          "branch": null,
          "revision": "a2a56211cd80614e1ac90bf2e76c5329f4f6b3d0",
          "version": "9.1.2"
        }
      },
      {
        "package": "PaperOnboarding",
        "repositoryURL": "https://github.com/Ramotion/paper-onboarding.git",
        "state": {
          "branch": null,
          "revision": "c36df080b1001c385cc14c85f3b1c5ea36531fd0",
          "version": "6.1.5"
        }
      },
      {
        "package": "SRGAnalytics",
        "repositoryURL": "https://github.com/SRGSSR/srganalytics-apple.git",
        "state": {
          "branch": "develop",
          "revision": "69112333791dcff289315f5962e8b9dc864a2e62",
          "version": null
        }
      },
      {
        "package": "SRGAppearance",
        "repositoryURL": "https://github.com/SRGSSR/srgappearance-apple.git",
        "state": {
          "branch": "develop",
          "revision": "6274a2d02f98f5624016023822b323c59545442f",
          "version": null
        }
      },
      {
        "package": "SRGContentProtection",
        "repositoryURL": "https://github.com/SRGSSR/srgcontentprotection-apple.git",
        "state": {
          "branch": "develop",
          "revision": "46f2717b8c4f9df23a84948d77a2da7acbd0bc99",
          "version": null
        }
      },
      {
        "package": "SRGDataProvider",
        "repositoryURL": "https://github.com/SRGSSR/srgdataprovider-apple.git",
        "state": {
          "branch": "develop",
          "revision": "61bd258dc4efbd2a00be34e3e192cf38f3116ee3",
          "version": null
        }
      },
      {
        "package": "SRGDiagnostics",
        "repositoryURL": "https://github.com/SRGSSR/srgdiagnostics-apple.git",
        "state": {
          "branch": "develop",
          "revision": "3a95f5138f019e91d4e721e3afc3aa3863f4a4a2",
          "version": null
        }
      },
      {
        "package": "SRGIdentity",
        "repositoryURL": "https://github.com/SRGSSR/srgidentity-apple.git",
        "state": {
          "branch": "develop",
          "revision": "19b5a7d7ea3a2c832a3640141f2b4135a60118f9",
          "version": null
        }
      },
      {
        "package": "SRGLetterbox",
        "repositoryURL": "https://github.com/SRGSSR/srgletterbox-apple.git",
        "state": {
          "branch": "develop",
          "revision": "df67d61de745f7da9192ddb1171d91d69f92b010",
          "version": null
        }
      },
      {
        "package": "SRGLogger",
        "repositoryURL": "https://github.com/SRGSSR/srglogger-apple.git",
        "state": {
          "branch": "develop",
          "revision": "0f40b67ae8f93c31271570deb16c6a5bd0a17419",
          "version": null
        }
      },
      {
        "package": "SRGMediaPlayer",
        "repositoryURL": "https://github.com/SRGSSR/srgmediaplayer-apple.git",
        "state": {
          "branch": "develop",
          "revision": "957014e617cc8cfe83ce6a8cf92f1ecf21b0e25c",
          "version": null
        }
      },
      {
        "package": "SRGNetwork",
        "repositoryURL": "https://github.com/SRGSSR/srgnetwork-apple.git",
        "state": {
          "branch": "develop",
          "revision": "98c50251b8f2c94e626e1a264eb560c52662aa57",
          "version": null
        }
      },
      {
        "package": "SRGUserData",
        "repositoryURL": "https://github.com/SRGSSR/srguserdata-apple.git",
        "state": {
          "branch": "develop",
          "revision": "3bc2383a9c43b5ff15f2dd375657cee18acf391e",
          "version": null
        }
      },
      {
        "package": "SwiftMessages",
        "repositoryURL": "https://github.com/SwiftKickMobile/SwiftMessages.git",
        "state": {
          "branch": "work/xcode12",
          "revision": "72170eca3241cb3928b3078470fc339a7cc8bf2d",
          "version": null
        }
      },
      {
        "package": "TCCore",
        "repositoryURL": "https://github.com/SRGSSR/TCCore-xcframework-apple.git",
        "state": {
          "branch": null,
          "revision": "be5774e8e68bbf29a9da93506e6bfa6de1177268",
          "version": "4.5.4-srg3"
        }
      },
      {
        "package": "TCSDK",
        "repositoryURL": "https://github.com/SRGSSR/TCSDK-xcframework-apple.git",
        "state": {
          "branch": null,
          "revision": "391dbdc47db04f4049fdabca6b5d1f5446589d3f",
          "version": "4.4.1-srg3"
        }
      },
      {
        "package": "UICKeyChainStore",
        "repositoryURL": "https://github.com/kishikawakatsumi/UICKeyChainStore.git",
        "state": {
          "branch": null,
          "revision": "2f0380d539ec53b66eef211b3c983749ad9e2686",
          "version": "2.2.0"
        }
      },
      {
        "package": "YYWebImage",
        "repositoryURL": "https://github.com/SRGSSR/YYWebImage.git",
        "state": {
          "branch": "master",
          "revision": "f7408c97fd0e897e1bb8b3e8b01e0c8e9dc22123",
          "version": null
        }
      }
    ]
  },
  "version": 1
}
