{
  "object": {
    "pins": [
      {
        "package": "abseil",
        "repositoryURL": "https://github.com/firebase/abseil-cpp-SwiftPM.git",
        "state": {
          "branch": null,
          "revision": "fffc3c2729be5747390ad02d5100291a0d9ad26a",
          "version": "0.20200225.4"
        }
      },
      {
        "package": "Aiolos",
        "repositoryURL": "https://github.com/IdeasOnCanvas/Aiolos.git",
        "state": {
          "branch": null,
          "revision": "9b9a68ad1f73e838e9d8f9ea948f0ed83d0f8ccd",
          "version": "1.7.2"
        }
      },
      {
        "package": "AppCenter",
        "repositoryURL": "https://github.com/microsoft/appcenter-sdk-apple.git",
        "state": {
          "branch": null,
          "revision": "25f64229373de97ff3920941cd52203193e5d8be",
          "version": "4.3.0"
        }
      },
      {
        "package": "BoringSSL-GRPC",
        "repositoryURL": "https://github.com/firebase/boringssl-SwiftPM.git",
        "state": {
          "branch": null,
          "revision": "734a8247442fde37df4364c21f6a0085b6a36728",
          "version": "0.7.2"
        }
      },
      {
        "package": "ComScore",
        "repositoryURL": "https://github.com/comScore/Comscore-Swift-Package-Manager.git",
        "state": {
          "branch": null,
          "revision": "de8577f58200195a882d3b21f1270775b02b78e2",
          "version": "6.9.0"
        }
      },
      {
        "package": "DZNEmptyDataSet",
        "repositoryURL": "https://github.com/dzenbot/DZNEmptyDataSet.git",
        "state": {
          "branch": "master",
          "revision": "9bffa69a83a9fa58a14b3cf43cb6dd8a63774179",
          "version": null
        }
      },
      {
        "package": "Firebase",
        "repositoryURL": "https://github.com/firebase/firebase-ios-sdk.git",
        "state": {
          "branch": null,
          "revision": "2f972249c520cbf87ac8856f176ebc994cb1c9a6",
          "version": "8.7.0"
        }
      },
      {
        "package": "FXReachability",
        "repositoryURL": "https://github.com/SRGSSR/FXReachability.git",
        "state": {
          "branch": null,
          "revision": "1eac916df0045630e779fa60eef22ed0d185e15f",
          "version": "1.3.2-srg5"
        }
      },
      {
        "package": "GoogleAppMeasurement",
        "repositoryURL": "https://github.com/google/GoogleAppMeasurement.git",
        "state": {
          "branch": null,
          "revision": "4901bde146b0269da35470d261f741f0e910d8df",
          "version": "8.7.0"
        }
      },
      {
        "package": "GoogleDataTransport",
        "repositoryURL": "https://github.com/google/GoogleDataTransport.git",
        "state": {
          "branch": null,
          "revision": "7fb27ea49414b9c5483503cd06baa821c8654d1e",
          "version": "9.1.1"
        }
      },
      {
        "package": "GoogleUtilities",
        "repositoryURL": "https://github.com/google/GoogleUtilities.git",
        "state": {
          "branch": null,
          "revision": "616fac2626b6b2d1424d79a6f786b4e2ed1cfb49",
          "version": "7.5.2"
        }
      },
      {
        "package": "gRPC",
        "repositoryURL": "https://github.com/firebase/grpc-SwiftPM.git",
        "state": {
          "branch": null,
          "revision": "fb405dd2c7901485f7e158b24e3a0a47e4efd8b5",
          "version": "1.28.4"
        }
      },
      {
        "package": "GTMSessionFetcher",
        "repositoryURL": "https://github.com/google/gtm-session-fetcher.git",
        "state": {
          "branch": null,
          "revision": "bc6a19702ac76ac4e488b68148710eb815f9bc56",
          "version": "1.7.0"
        }
      },
      {
        "package": "Airship",
        "repositoryURL": "https://github.com/urbanairship/ios-library.git",
        "state": {
          "branch": null,
          "revision": "73a177dfc53a6e4ee26aa3cb4d90a4fbc7ee0553",
          "version": "14.6.2"
        }
      },
      {
        "package": "leveldb",
        "repositoryURL": "https://github.com/firebase/leveldb.git",
        "state": {
          "branch": null,
          "revision": "0706abcc6b0bd9cedfbb015ba840e4a780b5159b",
          "version": "1.22.2"
        }
      },
      {
        "package": "libextobjc",
        "repositoryURL": "https://github.com/SRGSSR/libextobjc.git",
        "state": {
          "branch": null,
          "revision": "30ee5b73bdf57a826978aa146881277f22369be1",
          "version": "0.6.0-srg3"
        }
      },
      {
        "package": "MAKVONotificationCenter",
        "repositoryURL": "https://github.com/SRGSSR/MAKVONotificationCenter.git",
        "state": {
          "branch": null,
          "revision": "60395e0601ffd4a784856b423d4cac558366276d",
          "version": "1.0.0-srg5"
        }
      },
      {
        "package": "Mantle",
        "repositoryURL": "https://github.com/Mantle/Mantle.git",
        "state": {
          "branch": null,
          "revision": "bbe0cbe68582a18a6df7516778196ba3cf420ad3",
          "version": "2.1.7"
        }
      },
      {
        "package": "nanopb",
        "repositoryURL": "https://github.com/firebase/nanopb.git",
        "state": {
          "branch": null,
          "revision": "7ee9ef9f627d85cbe1b8c4f49a3ed26eed216c77",
          "version": "2.30908.0"
        }
      },
      {
        "package": "Nuke",
        "repositoryURL": "https://github.com/kean/Nuke.git",
        "state": {
          "branch": null,
          "revision": "0db18dd34998cca18e9a28bcee136f84518007a0",
          "version": "10.4.1"
        }
      },
      {
        "package": "PaperOnboarding",
        "repositoryURL": "https://github.com/Ramotion/paper-onboarding.git",
        "state": {
          "branch": null,
          "revision": "c36df080b1001c385cc14c85f3b1c5ea36531fd0",
          "version": "6.1.5"
        }
      },
      {
        "package": "PLCrashReporter",
        "repositoryURL": "https://github.com/microsoft/PLCrashReporter.git",
        "state": {
          "branch": null,
          "revision": "59513acde6194d93617afcf7b2c81c88638a6af2",
          "version": "1.10.0"
        }
      },
      {
        "package": "Promises",
        "repositoryURL": "https://github.com/google/promises.git",
        "state": {
          "branch": null,
          "revision": "611337c330350c9c1823ad6d671e7f936af5ee13",
          "version": "2.0.0"
        }
      },
      {
        "package": "SRGAnalytics",
        "repositoryURL": "https://github.com/SRGSSR/srganalytics-apple.git",
        "state": {
          "branch": "develop",
          "revision": "eb93b509f0fc9870daa283d99622ed5ddde5b791",
          "version": null
        }
      },
      {
        "package": "SRGAppearance",
        "repositoryURL": "https://github.com/SRGSSR/srgappearance-apple.git",
        "state": {
          "branch": null,
          "revision": "cfd2b130277502b1355863ac4a105fd9922be752",
          "version": "5.0.0"
        }
      },
      {
        "package": "SRGContentProtection",
        "repositoryURL": "https://github.com/SRGSSR/srgcontentprotection-apple.git",
        "state": {
          "branch": null,
          "revision": "6bbd897663e516edbfa42c90bc35c5fd28a86ce6",
          "version": "3.0.4"
        }
      },
      {
        "package": "SRGDataProvider",
        "repositoryURL": "https://github.com/SRGSSR/srgdataprovider-apple.git",
        "state": {
          "branch": null,
          "revision": "bba4ff76662a5b2987b7783152c56d1341430a81",
          "version": "12.0.0"
        }
      },
      {
        "package": "SRGDiagnostics",
        "repositoryURL": "https://github.com/SRGSSR/srgdiagnostics-apple.git",
        "state": {
          "branch": null,
          "revision": "9921cec150a83df60fe4cde41ffb9e3209b21e92",
          "version": "3.0.2"
        }
      },
      {
        "package": "SRGIdentity",
        "repositoryURL": "https://github.com/SRGSSR/srgidentity-apple.git",
        "state": {
          "branch": null,
          "revision": "c4eb6fbb3e84f8cdc340a55b50475eeddd1db011",
          "version": "3.2.0"
        }
      },
      {
        "package": "SRGLetterbox",
        "repositoryURL": "https://github.com/SRGSSR/srgletterbox-apple.git",
        "state": {
          "branch": null,
          "revision": "1ef04daa5d3e5478cc8d6e05f8f315e0acca25d4",
          "version": "7.3.0"
        }
      },
      {
        "package": "SRGLogger",
        "repositoryURL": "https://github.com/SRGSSR/srglogger-apple.git",
        "state": {
          "branch": null,
          "revision": "5840af9ccbbc23a1269ff53feb3832f56ffde1eb",
          "version": "3.0.2"
        }
      },
      {
        "package": "SRGMediaPlayer",
        "repositoryURL": "https://github.com/SRGSSR/srgmediaplayer-apple.git",
        "state": {
          "branch": null,
          "revision": "c2330ee4819aa7f987ec18320022f66f68f53ad6",
          "version": "6.1.4"
        }
      },
      {
        "package": "SRGNetwork",
        "repositoryURL": "https://github.com/SRGSSR/srgnetwork-apple.git",
        "state": {
          "branch": null,
          "revision": "9d79d6649de885876577c28e7b19f24f7ce16399",
          "version": "3.0.3"
        }
      },
      {
        "package": "SRGUserData",
        "repositoryURL": "https://github.com/SRGSSR/srguserdata-apple.git",
        "state": {
          "branch": null,
          "revision": "d93fddd6a95472c539675557dd8069e24fe79664",
          "version": "3.2.0"
        }
      },
      {
        "package": "swift-collections",
        "repositoryURL": "https://github.com/apple/swift-collections.git",
        "state": {
          "branch": null,
          "revision": "2d33a0ea89c961dcb2b3da2157963d9c0370347e",
          "version": "1.0.1"
        }
      },
      {
        "package": "SwiftProtobuf",
        "repositoryURL": "https://github.com/apple/swift-protobuf.git",
        "state": {
          "branch": null,
          "revision": "7e2c5f3cbbeea68e004915e3a8961e20bd11d824",
          "version": "1.18.0"
        }
      },
      {
        "package": "SwiftMessages",
        "repositoryURL": "https://github.com/SwiftKickMobile/SwiftMessages.git",
        "state": {
          "branch": null,
          "revision": "c5026484ff555db961ec549162e4026b017aa6c5",
          "version": "9.0.4"
        }
      },
      {
        "package": "TCCore",
        "repositoryURL": "https://github.com/SRGSSR/TCCore-xcframework-apple.git",
        "state": {
          "branch": null,
          "revision": "eb686883e63af28174472a09eda97acf07179c88",
          "version": "4.5.4-srg5"
        }
      },
      {
        "package": "TCSDK",
        "repositoryURL": "https://github.com/SRGSSR/TCSDK-xcframework-apple.git",
        "state": {
          "branch": null,
          "revision": "c4becb0b250258b78cb46225af5e269da834db5a",
          "version": "4.4.1-srg5"
        }
      },
      {
        "package": "UICKeyChainStore",
        "repositoryURL": "https://github.com/kishikawakatsumi/UICKeyChainStore.git",
        "state": {
          "branch": null,
          "revision": "8220ac38124613fb709508426f75fbac6921e261",
          "version": "2.2.1"
        }
      },
      {
        "package": "YYWebImage",
        "repositoryURL": "https://github.com/SRGSSR/YYWebImage.git",
        "state": {
          "branch": null,
          "revision": "f7408c97fd0e897e1bb8b3e8b01e0c8e9dc22123",
          "version": "1.0.5-srg3"
        }
      }
    ]
  },
  "version": 1
}
