{
  "object": {
    "pins": [
      {
        "package": "Aiolos",
        "repositoryURL": "https://github.com/IdeasOnCanvas/Aiolos.git",
        "state": {
          "branch": null,
          "revision": "5405495ef59c719c28a72e92fa7e75129fc58981",
          "version": null
        }
      },
      {
        "package": "ComScore",
        "repositoryURL": "https://github.com/comScore/Comscore-Swift-Package-Manager.git",
        "state": {
          "branch": null,
          "revision": "805ef197755a66e634fccb5d23d9068ca5c1f395",
          "version": "6.7.0"
        }
      },
      {
        "package": "FetchImage",
        "repositoryURL": "https://github.com/kean/FetchImage.git",
        "state": {
          "branch": null,
          "revision": "3b68b12f25d6060ed102523ebff394c4f8e31cec",
          "version": "0.3.0"
        }
      },
      {
        "package": "FXReachability",
        "repositoryURL": "https://github.com/SRGSSR/FXReachability.git",
        "state": {
          "branch": null,
          "revision": "1eac916df0045630e779fa60eef22ed0d185e15f",
          "version": "1.3.2-srg5"
        }
      },
      {
        "package": "Airship",
        "repositoryURL": "https://github.com/urbanairship/ios-library.git",
        "state": {
          "branch": null,
          "revision": "003482364d1158394b911418bb0316cd5a8792b6",
          "version": "14.2.2"
        }
      },
      {
        "package": "libextobjc",
        "repositoryURL": "https://github.com/SRGSSR/libextobjc.git",
        "state": {
          "branch": null,
          "revision": "30ee5b73bdf57a826978aa146881277f22369be1",
          "version": "0.6.0-srg3"
        }
      },
      {
        "package": "MAKVONotificationCenter",
        "repositoryURL": "https://github.com/SRGSSR/MAKVONotificationCenter.git",
        "state": {
          "branch": null,
          "revision": "60395e0601ffd4a784856b423d4cac558366276d",
          "version": "1.0.0-srg5"
        }
      },
      {
        "package": "Mantle",
        "repositoryURL": "https://github.com/Mantle/Mantle.git",
        "state": {
          "branch": null,
          "revision": "eb4ad298d81c023bcba20810ceffba695378ded4",
          "version": "2.1.6"
        }
      },
      {
        "package": "Nuke",
        "repositoryURL": "https://github.com/kean/Nuke.git",
        "state": {
          "branch": null,
          "revision": "961597d324949c7003c77d602bfc4d5519b47e81",
          "version": "9.2.4"
        }
      },
      {
        "package": "PaperOnboarding",
        "repositoryURL": "https://github.com/Ramotion/paper-onboarding.git",
        "state": {
          "branch": null,
          "revision": "c36df080b1001c385cc14c85f3b1c5ea36531fd0",
          "version": "6.1.5"
        }
      },
      {
        "package": "SRGAnalytics",
        "repositoryURL": "https://github.com/SRGSSR/srganalytics-apple.git",
        "state": {
          "branch": "develop",
          "revision": "948af85cf4185e0e77d1e7511cac08255d545e0c",
          "version": null
        }
      },
      {
        "package": "SRGAppearance",
        "repositoryURL": "https://github.com/SRGSSR/srgappearance-apple.git",
        "state": {
          "branch": null,
          "revision": "1e635509b57626073cfff3d74037214e2e42e6e5",
          "version": "3.0.2"
        }
      },
      {
        "package": "SRGContentProtection",
        "repositoryURL": "https://github.com/SRGSSR/srgcontentprotection-apple.git",
        "state": {
          "branch": null,
          "revision": "a839c5343c8789f33c34d07d2a24a7de6eb4c054",
          "version": "3.0.3"
        }
      },
      {
        "package": "SRGDataProvider",
        "repositoryURL": "https://github.com/SRGSSR/srgdataprovider-apple.git",
        "state": {
          "branch": "feature/most-searched-shows-update",
          "revision": "09bb19f2211e77297d451a55aff48f2392573775",
          "version": null
        }
      },
      {
        "package": "SRGDiagnostics",
        "repositoryURL": "https://github.com/SRGSSR/srgdiagnostics-apple.git",
        "state": {
          "branch": null,
          "revision": "ca2fe9329aa174281ac97bd4630096ff7cf41d58",
          "version": "3.0.1"
        }
      },
      {
        "package": "SRGIdentity",
        "repositoryURL": "https://github.com/SRGSSR/srgidentity-apple.git",
        "state": {
          "branch": "develop",
          "revision": "20fd3c6e0975c97e8df51e817791e210a15784c1",
          "version": null
        }
      },
      {
        "package": "SRGLetterbox",
        "repositoryURL": "https://github.com/SRGSSR/srgletterbox-apple.git",
        "state": {
          "branch": null,
          "revision": "b81d1d96007bd7d85337743ae5692570b39f92b3",
          "version": "6.1.2"
        }
      },
      {
        "package": "SRGLogger",
        "repositoryURL": "https://github.com/SRGSSR/srglogger-apple.git",
        "state": {
          "branch": null,
          "revision": "9e5bf082222f5499996b931a8651aac6ea17ba4a",
          "version": "3.0.1"
        }
      },
      {
        "package": "SRGMediaPlayer",
        "repositoryURL": "https://github.com/SRGSSR/srgmediaplayer-apple.git",
        "state": {
          "branch": null,
          "revision": "7ba6b8f78205ec9186d67aa9d1c40e376ffd4909",
          "version": "6.1.2"
        }
      },
      {
        "package": "SRGNetwork",
        "repositoryURL": "https://github.com/SRGSSR/srgnetwork-apple.git",
        "state": {
          "branch": null,
          "revision": "76a83f3b6219f501b589317f8cc0a11556e0565a",
          "version": "3.0.1"
        }
      },
      {
        "package": "SRGUserData",
        "repositoryURL": "https://github.com/SRGSSR/srguserdata-apple.git",
        "state": {
          "branch": null,
          "revision": "8797a4e16fd44d2eeaa0ab1908539f3f7035c840",
          "version": "3.0.1"
        }
      },
      {
        "package": "SwiftMessages",
        "repositoryURL": "https://github.com/SwiftKickMobile/SwiftMessages.git",
        "state": {
          "branch": null,
          "revision": "243fa7596818e3a96a7f0563453b3f35a674a5fb",
          "version": "8.0.5"
        }
      },
      {
        "package": "TCCore",
        "repositoryURL": "https://github.com/SRGSSR/TCCore-xcframework-apple.git",
        "state": {
          "branch": null,
          "revision": "be5774e8e68bbf29a9da93506e6bfa6de1177268",
          "version": "4.5.4-srg3"
        }
      },
      {
        "package": "TCSDK",
        "repositoryURL": "https://github.com/SRGSSR/TCSDK-xcframework-apple.git",
        "state": {
          "branch": null,
          "revision": "391dbdc47db04f4049fdabca6b5d1f5446589d3f",
          "version": "4.4.1-srg3"
        }
      },
      {
        "package": "UICKeyChainStore",
        "repositoryURL": "https://github.com/kishikawakatsumi/UICKeyChainStore.git",
        "state": {
          "branch": null,
          "revision": "8220ac38124613fb709508426f75fbac6921e261",
          "version": "2.2.1"
        }
      },
      {
        "package": "YYWebImage",
        "repositoryURL": "https://github.com/SRGSSR/YYWebImage.git",
        "state": {
          "branch": null,
          "revision": "f7408c97fd0e897e1bb8b3e8b01e0c8e9dc22123",
          "version": "1.0.5-srg3"
        }
      }
    ]
  },
  "version": 1
}
