PODS:
  - AppCenter (3.3.4):
    - AppCenter/Analytics (= 3.3.4)
    - AppCenter/Crashes (= 3.3.4)
  - AppCenter/Analytics (3.3.4):
    - AppCenter/Core
  - AppCenter/Core (3.3.4)
  - AppCenter/Crashes (3.3.4):
    - AppCenter/Core
  - AppCenter/Distribute (3.3.4):
    - AppCenter/Core
  - AutoCoding (2.2.3)
  - BDKCollectionIndexView (2.2.2)
  - DZNEmptyDataSet (1.8.1)
  - Firebase/Analytics (6.34.0):
    - Firebase/Core
  - Firebase/Core (6.34.0):
    - Firebase/CoreOnly
    - FirebaseAnalytics (= 6.9.0)
  - Firebase/CoreOnly (6.34.0):
    - FirebaseCore (= 6.10.4)
  - Firebase/RemoteConfig (6.34.0):
    - Firebase/CoreOnly
    - FirebaseRemoteConfig (~> 4.9.1)
  - FirebaseABTesting (4.2.0):
    - FirebaseCore (~> 6.10)
  - FirebaseAnalytics (6.9.0):
    - FirebaseCore (~> 6.10)
    - FirebaseInstallations (~> 1.7)
    - GoogleAppMeasurement (= 6.9.0)
    - GoogleUtilities/AppDelegateSwizzler (~> 6.7)
    - GoogleUtilities/MethodSwizzler (~> 6.7)
    - GoogleUtilities/Network (~> 6.7)
    - "GoogleUtilities/NSData+zlib (~> 6.7)"
    - nanopb (~> 1.30906.0)
  - FirebaseCore (6.10.4):
    - FirebaseCoreDiagnostics (~> 1.6)
    - GoogleUtilities/Environment (~> 6.7)
    - GoogleUtilities/Logger (~> 6.7)
  - FirebaseCoreDiagnostics (1.7.0):
    - GoogleDataTransport (~> 7.4)
    - GoogleUtilities/Environment (~> 6.7)
    - GoogleUtilities/Logger (~> 6.7)
    - nanopb (~> 1.30906.0)
  - FirebaseInstallations (1.7.0):
    - FirebaseCore (~> 6.10)
    - GoogleUtilities/Environment (~> 6.7)
    - GoogleUtilities/UserDefaults (~> 6.7)
    - PromisesObjC (~> 1.2)
  - FirebaseRemoteConfig (4.9.1):
    - FirebaseABTesting (~> 4.2)
    - FirebaseCore (~> 6.10)
    - FirebaseInstallations (~> 1.6)
    - GoogleUtilities/Environment (~> 6.7)
    - "GoogleUtilities/NSData+zlib (~> 6.7)"
  - FSCalendar (2.8.1)
  - google-cast-sdk-no-bluetooth (4.5.1):
    - google-cast-sdk-no-bluetooth/Core (= 4.5.1)
    - GTMSessionFetcher/Core (~> 1.1)
    - Protobuf (~> 3.12)
  - google-cast-sdk-no-bluetooth/Core (4.5.1):
    - GTMSessionFetcher/Core (~> 1.1)
    - Protobuf (~> 3.12)
  - GoogleAppMeasurement (6.9.0):
    - GoogleUtilities/AppDelegateSwizzler (~> 6.7)
    - GoogleUtilities/MethodSwizzler (~> 6.7)
    - GoogleUtilities/Network (~> 6.7)
    - "GoogleUtilities/NSData+zlib (~> 6.7)"
    - nanopb (~> 1.30906.0)
  - GoogleDataTransport (7.5.1):
    - nanopb (~> 1.30906.0)
  - GoogleUtilities/AppDelegateSwizzler (6.7.2):
    - GoogleUtilities/Environment
    - GoogleUtilities/Logger
    - GoogleUtilities/Network
  - GoogleUtilities/Environment (6.7.2):
    - PromisesObjC (~> 1.2)
  - GoogleUtilities/Logger (6.7.2):
    - GoogleUtilities/Environment
  - GoogleUtilities/MethodSwizzler (6.7.2):
    - GoogleUtilities/Logger
  - GoogleUtilities/Network (6.7.2):
    - GoogleUtilities/Logger
    - "GoogleUtilities/NSData+zlib"
    - GoogleUtilities/Reachability
  - "GoogleUtilities/NSData+zlib (6.7.2)"
  - GoogleUtilities/Reachability (6.7.2):
    - GoogleUtilities/Logger
  - GoogleUtilities/UserDefaults (6.7.2):
    - GoogleUtilities/Logger
  - GTMSessionFetcher/Core (1.4.0)
  - InAppSettingsKit (3.1.4)
  - MaterialComponents/AnimationTiming (118.0.0)
  - MaterialComponents/Availability (118.0.0)
  - MaterialComponents/Elevation (118.0.0):
    - MaterialComponents/Availability
    - MaterialComponents/private/Color
    - MaterialComponents/private/Math
  - MaterialComponents/Ink (118.0.0):
    - MaterialComponents/Availability
    - MaterialComponents/private/Color
    - MaterialComponents/private/Math
  - MaterialComponents/Palettes (118.0.0)
  - MaterialComponents/private/Application (118.0.0)
  - MaterialComponents/private/Color (118.0.0):
    - MaterialComponents/Availability
  - MaterialComponents/private/Math (118.0.0)
  - MaterialComponents/Ripple (118.0.0):
    - MaterialComponents/AnimationTiming
    - MaterialComponents/Availability
    - MaterialComponents/private/Color
    - MaterialComponents/private/Math
  - MaterialComponents/ShadowElevations (118.0.0)
  - MaterialComponents/ShadowLayer (118.0.0):
    - MaterialComponents/ShadowElevations
  - MaterialComponents/Tabs (118.0.0):
    - MaterialComponents/AnimationTiming
    - MaterialComponents/Elevation
    - MaterialComponents/Ink
    - MaterialComponents/Palettes
    - MaterialComponents/private/Math
    - MaterialComponents/Ripple
    - MaterialComponents/ShadowElevations
    - MaterialComponents/ShadowLayer
    - MaterialComponents/Typography
    - MDFInternationalization
  - MaterialComponents/Typography (118.0.0):
    - MaterialComponents/private/Application
    - MaterialComponents/private/Math
    - MDFTextAccessibility
  - MDFInternationalization (2.0.0)
  - MDFTextAccessibility (2.0.0)
  - MGSwipeTableCell (1.6.11)
  - nanopb (1.30906.0):
    - nanopb/decode (= 1.30906.0)
    - nanopb/encode (= 1.30906.0)
  - nanopb/decode (1.30906.0)
  - nanopb/encode (1.30906.0)
  - PromisesObjC (1.2.11)
  - Protobuf (3.13.0)

DEPENDENCIES:
  - AppCenter
  - AppCenter/Distribute
  - AutoCoding
  - BDKCollectionIndexView
  - DZNEmptyDataSet (from `https://github.com/dzenbot/DZNEmptyDataSet.git`, commit `8deb3fe69f75c5022a53a903468b29552dc70e66`)
  - Firebase/Analytics
  - Firebase/RemoteConfig
  - FSCalendar
  - google-cast-sdk-no-bluetooth
  - InAppSettingsKit
  - MaterialComponents/Tabs
  - MGSwipeTableCell

SPEC REPOS:
  https://github.com/CocoaPods/Specs.git:
    - AppCenter
    - AutoCoding
    - BDKCollectionIndexView
    - Firebase
    - FirebaseABTesting
    - FirebaseAnalytics
    - FirebaseCore
    - FirebaseCoreDiagnostics
    - FirebaseInstallations
    - FirebaseRemoteConfig
    - FSCalendar
    - google-cast-sdk-no-bluetooth
    - GoogleAppMeasurement
    - GoogleDataTransport
    - GoogleUtilities
    - GTMSessionFetcher
    - InAppSettingsKit
    - MaterialComponents
    - MDFInternationalization
    - MDFTextAccessibility
    - MGSwipeTableCell
    - nanopb
    - PromisesObjC
    - Protobuf

EXTERNAL SOURCES:
  DZNEmptyDataSet:
    :commit: 8deb3fe69f75c5022a53a903468b29552dc70e66
    :git: https://github.com/dzenbot/DZNEmptyDataSet.git

CHECKOUT OPTIONS:
  DZNEmptyDataSet:
    :commit: 8deb3fe69f75c5022a53a903468b29552dc70e66
    :git: https://github.com/dzenbot/DZNEmptyDataSet.git

SPEC CHECKSUMS:
  AppCenter: 0487be185c038ed2ecc5ed38219af1dcd280af23
  AutoCoding: 90ca3cbc0d77a37cfff75167d705b44148c5fc51
  BDKCollectionIndexView: 489a0c57d27fafe6944ef61e5a4192902148ea84
  DZNEmptyDataSet: b94434220f87d9dda46660eb4f07a424778e93b4
  Firebase: c23a36d9e4cdf7877dfcba8dd0c58add66358999
  FirebaseABTesting: 8a9d8df3acc2b43f4a22014ddf9f601bca6af699
  FirebaseAnalytics: 3bb096873ee0d7fa4b6c70f5e9166b6da413cc7f
  FirebaseCore: d3a978a3cfa3240bf7e4ba7d137fdf5b22b628ec
  FirebaseCoreDiagnostics: 770ac5958e1372ce67959ae4b4f31d8e127c3ac1
  FirebaseInstallations: 466c7b4d1f58fe16707693091da253726a731ed2
  FirebaseRemoteConfig: 35a729305f254fb15a2e541d4b36f3a379da7fdc
  FSCalendar: 5245140456fcbcac5824c203b98bd8068bdfee1a
  google-cast-sdk-no-bluetooth: 73ac8e9edbee16f52c2a445e391bd531e116bb31
  GoogleAppMeasurement: a6a3a066369828db64eda428cb2856dc1cdc7c4e
  GoogleDataTransport: f56af7caa4ed338dc8e138a5d7c5973e66440833
  GoogleUtilities: 7f2f5a07f888cdb145101d6042bc4422f57e70b3
  GTMSessionFetcher: 6f5c8abbab8a9bce4bb3f057e317728ec6182b10
  InAppSettingsKit: 01fb9774c74a11fefc521f29cb2338909e1c2b61
  MaterialComponents: 333a09d55de4bc53e0e2e08f178c6f29cfe8645f
  MDFInternationalization: 010097556d6b09d2c4ea38e0820ea6d37be6a314
  MDFTextAccessibility: 85c09a1bd9c321f494348e632a25063bcda35a53
  MGSwipeTableCell: b804e4e450dee439c42250be90bd50458bf67fce
  nanopb: 59317e09cf1f1a0af72f12af412d54edf52603fc
  PromisesObjC: 8c196f5a328c2cba3e74624585467a557dcb482f
  Protobuf: 3dac39b34a08151c6d949560efe3f86134a3f748

PODFILE CHECKSUM: 3e3c433cd6e648a98dbce6ff2f1ef52abe27fae7

COCOAPODS: 1.9.3
