PODS:
  - AutoCoding (2.2.3)
  - MaterialComponents/AnimationTiming (118.2.0)
  - MaterialComponents/Availability (118.2.0)
  - MaterialComponents/Elevation (118.2.0):
    - MaterialComponents/Availability
    - MaterialComponents/private/Color
    - MaterialComponents/private/Math
  - MaterialComponents/Ink (118.2.0):
    - MaterialComponents/Availability
    - MaterialComponents/private/Color
    - MaterialComponents/private/Math
  - MaterialComponents/Palettes (118.2.0)
  - MaterialComponents/private/Application (118.2.0)
  - MaterialComponents/private/Color (118.2.0):
    - MaterialComponents/Availability
  - MaterialComponents/private/Math (118.2.0)
  - MaterialComponents/Ripple (118.2.0):
    - MaterialComponents/AnimationTiming
    - MaterialComponents/Availability
    - MaterialComponents/private/Color
    - MaterialComponents/private/Math
  - MaterialComponents/ShadowElevations (118.2.0)
  - MaterialComponents/ShadowLayer (118.2.0):
    - MaterialComponents/ShadowElevations
  - MaterialComponents/Tabs (118.2.0):
    - MaterialComponents/AnimationTiming
    - MaterialComponents/Elevation
    - MaterialComponents/Ink
    - MaterialComponents/Palettes
    - MaterialComponents/private/Math
    - MaterialComponents/Ripple
    - MaterialComponents/ShadowElevations
    - MaterialComponents/ShadowLayer
    - MaterialComponents/Typography
    - MDFInternationalization
  - MaterialComponents/Typography (118.2.0):
    - MaterialComponents/private/Application
    - MaterialComponents/private/Math
    - MDFTextAccessibility
  - MDFInternationalization (3.0.0)
  - MDFTextAccessibility (2.0.1)
  - TvOSTextViewer (1.3.0)

DEPENDENCIES:
  - AutoCoding
  - MaterialComponents/Tabs (= 118.2.0)
  - TvOSTextViewer

SPEC REPOS:
  https://github.com/CocoaPods/Specs.git:
    - AutoCoding
    - MaterialComponents
    - MDFInternationalization
    - MDFTextAccessibility
    - TvOSTextViewer

SPEC CHECKSUMS:
  AutoCoding: 90ca3cbc0d77a37cfff75167d705b44148c5fc51
  MaterialComponents: fc3dba46cf3ae8495728a875778b47d0c6ec7ed5
  MDFInternationalization: d697c55307816222a55685c4ccb1044ffb030c12
  MDFTextAccessibility: f4bb4cc2194286651b59a215fdeaa0e05dc90ba5
  TvOSTextViewer: c1a0c64286931e663d131dc680f908bcfa36e214

PODFILE CHECKSUM: ba17b219fc2c1e31b93e0b94f02641786139e750

COCOAPODS: 1.12.0
