<?xml version="1.0" encoding="UTF-8"?>
<Scheme
   LastUpgradeVersion = "1520"
   version = "1.7">
   <BuildAction
      parallelizeBuildables = "YES"
      buildImplicitDependencies = "YES">
      <PreActions>
         <ExecutionAction
            ActionType = "Xcode.IDEStandardExecutionActionsCore.ExecutionActionType.ShellScriptAction">
            <ActionContent
               title = "Run Script"
               scriptText = "# Get SRGUserData checkout path.&#10;SRG_USER_DATA=$(find &quot;$DERIVED_DATA_DIR&quot; -path &quot;*/SourcePackages/checkouts/srguserdata-apple&quot; -type d)&#10;&#10;# Apply SRGUserData script.&#10;sh &quot;$SRG_USER_DATA/Scripts/coredata-compilation-fix.sh&quot; &quot;$SRG_USER_DATA&quot;&#10;">
               <EnvironmentBuildable>
                  <BuildableReference
                     BuildableIdentifier = "primary"
                     BlueprintIdentifier = "08C68DBF1D38D70D00BB8AAA"
                     BuildableName = "Play RTS.app"
                     BlueprintName = "Play RTS"
                     ReferencedContainer = "container:PlaySRG.xcodeproj">
                  </BuildableReference>
               </EnvironmentBuildable>
            </ActionContent>
         </ExecutionAction>
      </PreActions>
      <PostActions>
         <ExecutionAction
            ActionType = "Xcode.IDEStandardExecutionActionsCore.ExecutionActionType.ShellScriptAction">
            <ActionContent
               title = "Run Script"
               scriptText = "# Expanded code sign identity is not provided to post actions. To ensure we use the same identity as Xcode, we write it to a temporary file during a build phase so that we can retrieve it here.&#10;CODE_SIGN_IDENTITY=`cat /tmp/play-rts-signing-identity`&#10;&#10;# Apply codes signing to all framworks in the final product.&#10;find &quot;${TARGET_BUILD_DIR}/${FRAMEWORKS_FOLDER_PATH}&quot; -mindepth 1 -maxdepth 1 -type d -exec /usr/bin/codesign --force --sign ${CODE_SIGN_IDENTITY} --preserve-metadata=identifier,entitlements {} \;&#10;&#10;# Remove duplicated copy of binary frameworks in Plugins folder.&#10;find &quot;${TARGET_BUILD_DIR}/${PLUGINS_FOLDER_PATH}&quot; -mindepth 1 -maxdepth 1 -type d -name &quot;*.framework&quot; -exec rm -Rf {} \;&#10;"
               shellToInvoke = "/bin/bash">
               <EnvironmentBuildable>
                  <BuildableReference
                     BuildableIdentifier = "primary"
                     BlueprintIdentifier = "08C68DBF1D38D70D00BB8AAA"
                     BuildableName = "Play RTS.app"
                     BlueprintName = "Play RTS"
                     ReferencedContainer = "container:PlaySRG.xcodeproj">
                  </BuildableReference>
               </EnvironmentBuildable>
            </ActionContent>
         </ExecutionAction>
      </PostActions>
      <BuildActionEntries>
         <BuildActionEntry
            buildForTesting = "YES"
            buildForRunning = "YES"
            buildForProfiling = "YES"
            buildForArchiving = "YES"
            buildForAnalyzing = "YES">
            <BuildableReference
               BuildableIdentifier = "primary"
               BlueprintIdentifier = "08C68DBF1D38D70D00BB8AAA"
               BuildableName = "Play RTS.app"
               BlueprintName = "Play RTS"
               ReferencedContainer = "container:PlaySRG.xcodeproj">
            </BuildableReference>
         </BuildActionEntry>
      </BuildActionEntries>
   </BuildAction>
   <TestAction
      buildConfiguration = "Debug"
      selectedDebuggerIdentifier = "Xcode.DebuggerFoundation.Debugger.LLDB"
      selectedLauncherIdentifier = "Xcode.DebuggerFoundation.Launcher.LLDB"
      shouldUseLaunchSchemeArgsEnv = "YES">
      <Testables>
      </Testables>
   </TestAction>
   <LaunchAction
      buildConfiguration = "Debug"
      selectedDebuggerIdentifier = "Xcode.DebuggerFoundation.Debugger.LLDB"
      selectedLauncherIdentifier = "Xcode.DebuggerFoundation.Launcher.LLDB"
      launchStyle = "0"
      useCustomWorkingDirectory = "NO"
      ignoresPersistentStateOnLaunch = "NO"
      debugDocumentVersioning = "YES"
      debugServiceExtension = "internal"
      allowLocationSimulation = "YES">
      <BuildableProductRunnable
         runnableDebuggingMode = "0">
         <BuildableReference
            BuildableIdentifier = "primary"
            BlueprintIdentifier = "08C68DBF1D38D70D00BB8AAA"
            BuildableName = "Play RTS.app"
            BlueprintName = "Play RTS"
            ReferencedContainer = "container:PlaySRG.xcodeproj">
         </BuildableReference>
      </BuildableProductRunnable>
   </LaunchAction>
   <ProfileAction
      buildConfiguration = "Nightly"
      shouldUseLaunchSchemeArgsEnv = "YES"
      savedToolIdentifier = ""
      useCustomWorkingDirectory = "NO"
      debugDocumentVersioning = "YES">
      <BuildableProductRunnable
         runnableDebuggingMode = "0">
         <BuildableReference
            BuildableIdentifier = "primary"
            BlueprintIdentifier = "08C68DBF1D38D70D00BB8AAA"
            BuildableName = "Play RTS.app"
            BlueprintName = "Play RTS"
            ReferencedContainer = "container:PlaySRG.xcodeproj">
         </BuildableReference>
      </BuildableProductRunnable>
   </ProfileAction>
   <AnalyzeAction
      buildConfiguration = "Nightly">
   </AnalyzeAction>
   <ArchiveAction
      buildConfiguration = "AppStore"
      revealArchiveInOrganizer = "YES">
   </ArchiveAction>
</Scheme>
